{
  "name": "webpack-blocks-graphql",
  "version": "1.0.0",
  "lockfileVersion": 1,
  "requires": true,
  "dependencies": {
    "graphql-tag": {
      "version": "2.4.2",
      "resolved": "https://registry.npmjs.org/graphql-tag/-/graphql-tag-2.4.2.tgz",
      "integrity": "sha1-amMpfYUi0DorctJvGyOaqzQ4QM0="
    }
  }
}
